
Microsoft Visual Studio Solution File, Format Version 12.00
# Visual Studio Version 17
VisualStudioVersion = 17.14.37628.2 d17.14
MinimumVisualStudioVersion = 10.0.40219.1
Project("{FAE04EC0-301F-11D3-BF4B-00C04F79EFBC}") = "API_Implementation", "API_Implementation\API_Implementation.csproj", "{554337A7-9EC2-40D7-AEAE-1FA497B0FF63}"
EndProject
Global
	GlobalSection(SolutionConfigurationPlatforms) = preSolution
		Debug|Any CPU = Debug|Any CPU
		Release|Any CPU = Release|Any CPU
	EndGlobalSection
	GlobalSection(ProjectConfigurationPlatforms) = postSolution
		{554337A7-9EC2-40D7-AEAE-1FA497B0FF63}.Debug|Any CPU.ActiveCfg = Debug|Any CPU
		{554337A7-9EC2-40D7-AEAE-1FA497B0FF63}.Debug|Any CPU.Build.0 = Debug|Any CPU
		{554337A7-9EC2-40D7-AEAE-1FA497B0FF63}.Release|Any CPU.ActiveCfg = Release|Any CPU
		{554337A7-9EC2-40D7-AEAE-1FA497B0FF63}.Release|Any CPU.Build.0 = Release|Any CPU
	EndGlobalSection
	GlobalSection(SolutionProperties) = preSolution
		HideSolutionNode = FALSE
	EndGlobalSection
	GlobalSection(ExtensibilityGlobals) = postSolution
		SolutionGuid = {23130EFD-18DA-4157-BC93-6F420C8F39FB}
	EndGlobalSection
EndGlobal
